
Microsoft Visual Studio Solution File, Format Version 12.00
# Visual Studio 2012
Project("{FAE04EC0-301F-11D3-BF4B-00C04F79EFBC}") = "Board Game Tool", "Collection Game Tool\Board Game Tool.csproj", "{9EF211BC-9A5D-44DE-8153-58C1F36BE9ED}"
EndProject
Project("{FAE04EC0-301F-11D3-BF4B-00C04F79EFBC}") = "Board Game Tool Test", "Collection Game Tool Test\Board Game Tool Test.csproj", "{114456F1-4FAE-4584-A831-F98CBC826C5A}"
EndProject
Global
	GlobalSection(SolutionConfigurationPlatforms) = preSolution
		Debug|Any CPU = Debug|Any CPU
		Release|Any CPU = Release|Any CPU
	EndGlobalSection
	GlobalSection(ProjectConfigurationPlatforms) = postSolution
		{9EF211BC-9A5D-44DE-8153-58C1F36BE9ED}.Debug|Any CPU.ActiveCfg = Debug|Any CPU
		{9EF211BC-9A5D-44DE-8153-58C1F36BE9ED}.Debug|Any CPU.Build.0 = Debug|Any CPU
		{9EF211BC-9A5D-44DE-8153-58C1F36BE9ED}.Release|Any CPU.ActiveCfg = Release|Any CPU
		{9EF211BC-9A5D-44DE-8153-58C1F36BE9ED}.Release|Any CPU.Build.0 = Release|Any CPU
		{114456F1-4FAE-4584-A831-F98CBC826C5A}.Debug|Any CPU.ActiveCfg = Debug|Any CPU
		{114456F1-4FAE-4584-A831-F98CBC826C5A}.Debug|Any CPU.Build.0 = Debug|Any CPU
		{114456F1-4FAE-4584-A831-F98CBC826C5A}.Release|Any CPU.ActiveCfg = Release|Any CPU
		{114456F1-4FAE-4584-A831-F98CBC826C5A}.Release|Any CPU.Build.0 = Release|Any CPU
	EndGlobalSection
	GlobalSection(SolutionProperties) = preSolution
		HideSolutionNode = FALSE
	EndGlobalSection
EndGlobal
